
Microsoft Visual Studio Solution File, Format Version 12.00
# Visual Studio Version 16
VisualStudioVersion = 16.0.29613.14
MinimumVisualStudioVersion = 10.0.40219.1
Project("{9A19103F-16F7-4668-BE54-9A1E7A4F7556}") = "LinXi_Common", "LinXI_Common\LinXi_Common.csproj", "{DF9B92F9-4DF0-4C3A-8B5A-2D4FB83F31C9}"
EndProject
Project("{9A19103F-16F7-4668-BE54-9A1E7A4F7556}") = "LinXi_Model", "LinXI_Model\LinXi_Model.csproj", "{D2E72005-6EFC-42AE-9359-D7F4CE8BA656}"
EndProject
Project("{9A19103F-16F7-4668-BE54-9A1E7A4F7556}") = "LinXi_ERPApi", "LinXI_ERPApi\LinXi_ERPApi.csproj", "{B331D3CE-BCD7-4747-80FE-05E8420A4D57}"
EndProject
Project("{2150E333-8FDC-42A3-9474-1A3956D46DE8}") = "LinXI_Public", "LinXI_Public", "{3EB95366-BBC6-4B20-9DA5-A62265DE9135}"
EndProject
Project("{2150E333-8FDC-42A3-9474-1A3956D46DE8}") = "LinXi_Interface", "LinXi_Interface", "{735916F7-742D-44F2-B8EF-2B50AA877A03}"
EndProject
Project("{2150E333-8FDC-42A3-9474-1A3956D46DE8}") = "LinXi_Implement", "LinXi_Implement", "{1E0CBDCE-8EED-48BA-BA21-3B5DB731CA64}"
EndProject
Project("{2150E333-8FDC-42A3-9474-1A3956D46DE8}") = "LinXi_APP", "LinXi_APP", "{B801DDBD-ABEE-49E9-AF98-6DA61C32A90E}"
EndProject
Project("{9A19103F-16F7-4668-BE54-9A1E7A4F7556}") = "LinXi_Repository", "LinXi_Repository\LinXi_Repository.csproj", "{6E6742AC-D925-4D1F-87FE-296CA1DC4225}"
EndProject
Project("{9A19103F-16F7-4668-BE54-9A1E7A4F7556}") = "LinXi_Service", "LinXi_Service\LinXi_Service.csproj", "{C05839B3-BCBB-478B-B11A-B5DA1091124D}"
EndProject
Project("{9A19103F-16F7-4668-BE54-9A1E7A4F7556}") = "LinXi_IService", "LinXi_IService\LinXi_IService.csproj", "{99B65F2A-6493-449D-B36A-9E715CA2DC7F}"
EndProject
Project("{9A19103F-16F7-4668-BE54-9A1E7A4F7556}") = "LinXi_IRepository", "LinXi_IRepository\LinXi_IRepository.csproj", "{5B67F463-23F3-48FD-A073-55D10BB75AED}"
EndProject
Project("{FAE04EC0-301F-11D3-BF4B-00C04F79EFBC}") = "LinXi_IdentityServer", "LinXi_IdentityServer\LinXi_IdentityServer.csproj", "{3239B69B-C5D0-42C1-8D63-1ED487B5B2DB}"
EndProject
Global
	GlobalSection(SolutionConfigurationPlatforms) = preSolution
		Debug|Any CPU = Debug|Any CPU
		Release|Any CPU = Release|Any CPU
	EndGlobalSection
	GlobalSection(ProjectConfigurationPlatforms) = postSolution
		{DF9B92F9-4DF0-4C3A-8B5A-2D4FB83F31C9}.Debug|Any CPU.ActiveCfg = Debug|Any CPU
		{DF9B92F9-4DF0-4C3A-8B5A-2D4FB83F31C9}.Debug|Any CPU.Build.0 = Debug|Any CPU
		{DF9B92F9-4DF0-4C3A-8B5A-2D4FB83F31C9}.Release|Any CPU.ActiveCfg = Release|Any CPU
		{DF9B92F9-4DF0-4C3A-8B5A-2D4FB83F31C9}.Release|Any CPU.Build.0 = Release|Any CPU
		{D2E72005-6EFC-42AE-9359-D7F4CE8BA656}.Debug|Any CPU.ActiveCfg = Debug|Any CPU
		{D2E72005-6EFC-42AE-9359-D7F4CE8BA656}.Debug|Any CPU.Build.0 = Debug|Any CPU
		{D2E72005-6EFC-42AE-9359-D7F4CE8BA656}.Release|Any CPU.ActiveCfg = Release|Any CPU
		{D2E72005-6EFC-42AE-9359-D7F4CE8BA656}.Release|Any CPU.Build.0 = Release|Any CPU
		{B331D3CE-BCD7-4747-80FE-05E8420A4D57}.Debug|Any CPU.ActiveCfg = Debug|Any CPU
		{B331D3CE-BCD7-4747-80FE-05E8420A4D57}.Debug|Any CPU.Build.0 = Debug|Any CPU
		{B331D3CE-BCD7-4747-80FE-05E8420A4D57}.Release|Any CPU.ActiveCfg = Release|Any CPU
		{B331D3CE-BCD7-4747-80FE-05E8420A4D57}.Release|Any CPU.Build.0 = Release|Any CPU
		{6E6742AC-D925-4D1F-87FE-296CA1DC4225}.Debug|Any CPU.ActiveCfg = Debug|Any CPU
		{6E6742AC-D925-4D1F-87FE-296CA1DC4225}.Debug|Any CPU.Build.0 = Debug|Any CPU
		{6E6742AC-D925-4D1F-87FE-296CA1DC4225}.Release|Any CPU.ActiveCfg = Release|Any CPU
		{6E6742AC-D925-4D1F-87FE-296CA1DC4225}.Release|Any CPU.Build.0 = Release|Any CPU
		{C05839B3-BCBB-478B-B11A-B5DA1091124D}.Debug|Any CPU.ActiveCfg = Debug|Any CPU
		{C05839B3-BCBB-478B-B11A-B5DA1091124D}.Debug|Any CPU.Build.0 = Debug|Any CPU
		{C05839B3-BCBB-478B-B11A-B5DA1091124D}.Release|Any CPU.ActiveCfg = Release|Any CPU
		{C05839B3-BCBB-478B-B11A-B5DA1091124D}.Release|Any CPU.Build.0 = Release|Any CPU
		{99B65F2A-6493-449D-B36A-9E715CA2DC7F}.Debug|Any CPU.ActiveCfg = Debug|Any CPU
		{99B65F2A-6493-449D-B36A-9E715CA2DC7F}.Debug|Any CPU.Build.0 = Debug|Any CPU
		{99B65F2A-6493-449D-B36A-9E715CA2DC7F}.Release|Any CPU.ActiveCfg = Release|Any CPU
		{99B65F2A-6493-449D-B36A-9E715CA2DC7F}.Release|Any CPU.Build.0 = Release|Any CPU
		{5B67F463-23F3-48FD-A073-55D10BB75AED}.Debug|Any CPU.ActiveCfg = Debug|Any CPU
		{5B67F463-23F3-48FD-A073-55D10BB75AED}.Debug|Any CPU.Build.0 = Debug|Any CPU
		{5B67F463-23F3-48FD-A073-55D10BB75AED}.Release|Any CPU.ActiveCfg = Release|Any CPU
		{5B67F463-23F3-48FD-A073-55D10BB75AED}.Release|Any CPU.Build.0 = Release|Any CPU
		{3239B69B-C5D0-42C1-8D63-1ED487B5B2DB}.Debug|Any CPU.ActiveCfg = Debug|Any CPU
		{3239B69B-C5D0-42C1-8D63-1ED487B5B2DB}.Debug|Any CPU.Build.0 = Debug|Any CPU
		{3239B69B-C5D0-42C1-8D63-1ED487B5B2DB}.Release|Any CPU.ActiveCfg = Release|Any CPU
		{3239B69B-C5D0-42C1-8D63-1ED487B5B2DB}.Release|Any CPU.Build.0 = Release|Any CPU
	EndGlobalSection
	GlobalSection(SolutionProperties) = preSolution
		HideSolutionNode = FALSE
	EndGlobalSection
	GlobalSection(NestedProjects) = preSolution
		{DF9B92F9-4DF0-4C3A-8B5A-2D4FB83F31C9} = {3EB95366-BBC6-4B20-9DA5-A62265DE9135}
		{D2E72005-6EFC-42AE-9359-D7F4CE8BA656} = {3EB95366-BBC6-4B20-9DA5-A62265DE9135}
		{B331D3CE-BCD7-4747-80FE-05E8420A4D57} = {B801DDBD-ABEE-49E9-AF98-6DA61C32A90E}
		{6E6742AC-D925-4D1F-87FE-296CA1DC4225} = {1E0CBDCE-8EED-48BA-BA21-3B5DB731CA64}
		{C05839B3-BCBB-478B-B11A-B5DA1091124D} = {1E0CBDCE-8EED-48BA-BA21-3B5DB731CA64}
		{99B65F2A-6493-449D-B36A-9E715CA2DC7F} = {735916F7-742D-44F2-B8EF-2B50AA877A03}
		{5B67F463-23F3-48FD-A073-55D10BB75AED} = {735916F7-742D-44F2-B8EF-2B50AA877A03}
		{3239B69B-C5D0-42C1-8D63-1ED487B5B2DB} = {B801DDBD-ABEE-49E9-AF98-6DA61C32A90E}
	EndGlobalSection
	GlobalSection(ExtensibilityGlobals) = postSolution
		SolutionGuid = {6772FA49-E63E-42DD-B0D5-9C0055CDCC5B}
	EndGlobalSection
EndGlobal
